// !$*UTF8*$!
{
	archiveVersion = 1;
	classes = {
	};
	objectVersion = 46;
	objects = {

/* Begin PBXBuildFile section */
		995BB7261D464CF70091A39F /* AppDelegate.swift in Sources */ = {isa = PBXBuildFile; fileRef = 995BB7251D464CF70091A39F /* AppDelegate.swift */; };
		995BB7281D464CF70091A39F /* ViewController.swift in Sources */ = {isa = PBXBuildFile; fileRef = 995BB7271D464CF70091A39F /* ViewController.swift */; };
		995BB72B1D464CF70091A39F /* Main.storyboard in Resources */ = {isa = PBXBuildFile; fileRef = 995BB7291D464CF70091A39F /* Main.storyboard */; };
		995BB72D1D464CF70091A39F /* Assets.xcassets in Resources */ = {isa = PBXBuildFile; fileRef = 995BB72C1D464CF70091A39F /* Assets.xcassets */; };
		995BB7301D464CF70091A39F /* LaunchScreen.storyboard in Resources */ = {isa = PBXBuildFile; fileRef = 995BB72E1D464CF70091A39F /* LaunchScreen.storyboard */; };
/* End PBXBuildFile section */

/* Begin PBXFileReference section */
		995BB7221D464CF70091A39F /* CustomAlertController.app */ = {isa = PBXFileReference; explicitFileType = wrapper.application; includeInIndex = 0; path = CustomAlertController.app; sourceTree = BUILT_PRODUCTS_DIR; };
		995BB7251D464CF70091A39F /* AppDelegate.swift */ = {isa = PBXFileReference; lastKnownFileType = sourcecode.swift; path = AppDelegate.swift; sourceTree = "<group>"; };
		995BB7271D464CF70091A39F /* ViewController.swift */ = {isa = PBXFileReference; lastKnownFileType = sourcecode.swift; path = ViewController.swift; sourceTree = "<group>"; };
		995BB72A1D464CF70091A39F /* Base */ = {isa = PBXFileReference; lastKnownFileType = file.storyboard; name = Base; path = Base.lproj/Main.storyboard; sourceTree = "<group>"; };
		995BB72C1D464CF70091A39F /* Assets.xcassets */ = {isa = PBXFileReference; lastKnownFileType = folder.assetcatalog; path = Assets.xcassets; sourceTree = "<group>"; };
		995BB72F1D464CF70091A39F /* Base */ = {isa = PBXFileReference; lastKnownFileType = file.storyboard; name = Base; path = Base.lproj/LaunchScreen.storyboard; sourceTree = "<group>"; };
		995BB7311D464CF70091A39F /* Info.plist */ = {isa = PBXFileReference; lastKnownFileType = text.plist.xml; path = Info.plist; sourceTree = "<group>"; };
/* End PBXFileReference section */

/* Begin PBXFrameworksBuildPhase section */
		995BB71F1D464CF70091A39F /* Frameworks */ = {
			isa = PBXFrameworksBuildPhase;
			buildActionMask = 2147483647;
			files = (
			);
			runOnlyForDeploymentPostprocessing = 0;
		};
/* End PBXFrameworksBuildPhase section */

/* Begin PBXGroup section */
		995BB7191D464CF70091A39F = {
			isa = PBXGroup;
			children = (
				995BB7241D464CF70091A39F /* CustomAlertController */,
				995BB7231D464CF70091A39F /* Products */,
			);
			sourceTree = "<group>";
		};
		995BB7231D464CF70091A39F /* Products */ = {
			isa = PBXGroup;
			children = (
				995BB7221D464CF70091A39F /* CustomAlertController.app */,
			);
			name = Products;
			sourceTree = "<group>";
		};
		995BB7241D464CF70091A39F /* CustomAlertController */ = {
			isa = PBXGroup;
			children = (
				995BB7251D464CF70091A39F /* AppDelegate.swift */,
				995BB7271D464CF70091A39F /* ViewController.swift */,
				995BB7291D464CF70091A39F /* Main.storyboard */,
				995BB72C1D464CF70091A39F /* Assets.xcassets */,
				995BB72E1D464CF70091A39F /* LaunchScreen.storyboard */,
				995BB7311D464CF70091A39F /* Info.plist */,
			);
			path = CustomAlertController;
			sourceTree = "<group>";
		};
/* End PBXGroup section */

/* Begin PBXNativeTarget section */
		995BB7211D464CF70091A39F /* CustomAlertController */ = {
			isa = PBXNativeTarget;
			buildConfigurationList = 995BB7341D464CF70091A39F /* Build configuration list for PBXNativeTarget "CustomAlertController" */;
			buildPhases = (
				995BB71E1D464CF70091A39F /* Sources */,
				995BB71F1D464CF70091A39F /* Frameworks */,
				995BB7201D464CF70091A39F /* Resources */,
			);
			buildRules = (
			);
			dependencies = (
			);
			name = CustomAlertController;
			productName = CustomAlertController;
			productReference = 995BB7221D464CF70091A39F /* CustomAlertController.app */;
			productType = "com.apple.product-type.application";
		};
/* End PBXNativeTarget section */

/* Begin PBXProject section */
		995BB71A1D464CF70091A39F /* Project object */ = {
			isa = PBXProject;
			attributes = {
				LastSwiftUpdateCheck = 0730;
				LastUpgradeCheck = 0730;
				ORGANIZATIONNAME = yusuf_kildan;
				TargetAttributes = {
					995BB7211D464CF70091A39F = {
						CreatedOnToolsVersion = 7.3;
					};
				};
			};
			buildConfigurationList = 995BB71D1D464CF70091A39F /* Build configuration list for PBXProject "CustomAlertController" */;
			compatibilityVersion = "Xcode 3.2";
			developmentRegion = English;
			hasScannedForEncodings = 0;
			knownRegions = (
				en,
				Base,
			);
			mainGroup = 995BB7191D464CF70091A39F;
			productRefGroup = 995BB7231D464CF70091A39F /* Products */;
			projectDirPath = "";
			projectRoot = "";
			targets = (
				995BB7211D464CF70091A39F /* CustomAlertController */,
			);
		};
/* End PBXProject section */

/* Begin PBXResourcesBuildPhase section */
		995BB7201D464CF70091A39F /* Resources */ = {
			isa = PBXResourcesBuildPhase;
			buildActionMask = 2147483647;
			files = (
				995BB7301D464CF70091A39F /* LaunchScreen.storyboard in Resources */,
				995BB72D1D464CF70091A39F /* Assets.xcassets in Resources */,
				995BB72B1D464CF70091A39F /* Main.storyboard in Resources */,
			);
			runOnlyForDeploymentPostprocessing = 0;
		};
/* End PBXResourcesBuildPhase section */

/* Begin PBXSourcesBuildPhase section */
		995BB71E1D464CF70091A39F /* Sources */ = {
			isa = PBXSourcesBuildPhase;
			buildActionMask = 2147483647;
			files = (
				995BB7281D464CF70091A39F /* ViewController.swift in Sources */,
				995BB7261D464CF70091A39F /* AppDelegate.swift in Sources */,
			);
			runOnlyForDeploymentPostprocessing = 0;
		};
/* End PBXSourcesBuildPhase section */

/* Begin PBXVariantGroup section */
		995BB7291D464CF70091A39F /* Main.storyboard */ = {
			isa = PBXVariantGroup;
			children = (
				995BB72A1D464CF70091A39F /* Base */,
			);
			name = Main.storyboard;
			sourceTree = "<group>";
		};
		995BB72E1D464CF70091A39F /* LaunchScreen.storyboard */ = {
			isa = PBXVariantGroup;
			children = (
				995BB72F1D464CF70091A39F /* Base */,
			);
			name = LaunchScreen.storyboard;
			sourceTree = "<group>";
		};
/* End PBXVariantGroup section */

/* Begin XCBuildConfiguration section */
		995BB7321D464CF70091A39F /* Debug */ = {
			isa = XCBuildConfiguration;
			buildSettings = {
				ALWAYS_SEARCH_USER_PATHS = NO;
				CLANG_ANALYZER_NONNULL = YES;
				CLANG_CXX_LANGUAGE_STANDARD = "gnu++0x";
				CLANG_CXX_LIBRARY = "libc++";
				CLANG_ENABLE_MODULES = YES;
				CLANG_ENABLE_OBJC_ARC = YES;
				CLANG_WARN_BOOL_CONVERSION = YES;
				CLANG_WARN_CONSTANT_CONVERSION = YES;
				CLANG_WARN_DIRECT_OBJC_ISA_USAGE = YES_ERROR;
				CLANG_WARN_EMPTY_BODY = YES;
				CLANG_WARN_ENUM_CONVERSION = YES;
				CLANG_WARN_INT_CONVERSION = YES;
				CLANG_WARN_OBJC_ROOT_CLASS = YES_ERROR;
				CLANG_WARN_UNREACHABLE_CODE = YES;
				CLANG_WARN__DUPLICATE_METHOD_MATCH = YES;
				"CODE_SIGN_IDENTITY[sdk=iphoneos*]" = "iPhone Developer";
				COPY_PHASE_STRIP = NO;
				DEBUG_INFORMATION_FORMAT = dwarf;
				ENABLE_STRICT_OBJC_MSGSEND = YES;
				ENABLE_TESTABILITY = YES;
				GCC_C_LANGUAGE_STANDARD = gnu99;
				GCC_DYNAMIC_NO_PIC = NO;
				GCC_NO_COMMON_BLOCKS = YES;
				GCC_OPTIMIZATION_LEVEL = 0;
				GCC_PREPROCESSOR_DEFINITIONS = (
					"DEBUG=1",
					"$(inherited)",
				);
				GCC_WARN_64_TO_32_BIT_CONVERSION = YES;
				GCC_WARN_ABOUT_RETURN_TYPE = YES_ERROR;
				GCC_WARN_UNDECLARED_SELECTOR = YES;
				GCC_WARN_UNINITIALIZED_AUTOS = YES_AGGRESSIVE;
				GCC_WARN_UNUSED_FUNCTION = YES;
				GCC_WARN_UNUSED_VARIABLE = YES;
				IPHONEOS_DEPLOYMENT_TARGET = 9.3;
				MTL_ENABLE_DEBUG_INFO = YES;
				ONLY_ACTIVE_ARCH = YES;
				SDKROOT = iphoneos;
				SWIFT_OPTIMIZATION_LEVEL = "-Onone";
				TARGETED_DEVICE_FAMILY = "1,2";
			};
			name = Debug;
		};
		995BB7331D464CF70091A39F /* Release */ = {
			isa = XCBuildConfiguration;
			buildSettings = {
				ALWAYS_SEARCH_USER_PATHS = NO;
				CLANG_ANALYZER_NONNULL = YES;
				CLANG_CXX_LANGUAGE_STANDARD = "gnu++0x";
				CLANG_CXX_LIBRARY = "libc++";
				CLANG_ENABLE_MODULES = YES;
				CLANG_ENABLE_OBJC_ARC = YES;
				CLANG_WARN_BOOL_CONVERSION = YES;
				CLANG_WARN_CONSTANT_CONVERSION = YES;
				CLANG_WARN_DIRECT_OBJC_ISA_USAGE = YES_ERROR;
				CLANG_WARN_EMPTY_BODY = YES;
				CLANG_WARN_ENUM_CONVERSION = YES;
				CLANG_WARN_INT_CONVERSION = YES;
				CLANG_WARN_OBJC_ROOT_CLASS = YES_ERROR;
				CLANG_WARN_UNREACHABLE_CODE = YES;
				CLANG_WARN__DUPLICATE_METHOD_MATCH = YES;
				"CODE_SIGN_IDENTITY[sdk=iphoneos*]" = "iPhone Developer";
				COPY_PHASE_STRIP = NO;
				DEBUG_INFORMATION_FORMAT = "dwarf-with-dsym";
				ENABLE_NS_ASSERTIONS = NO;
				ENABLE_STRICT_OBJC_MSGSEND = YES;
				GCC_C_LANGUAGE_STANDARD = gnu99;
				GCC_NO_COMMON_BLOCKS = YES;
				GCC_WARN_64_TO_32_BIT_CONVERSION = YES;
				GCC_WARN_ABOUT_RETURN_TYPE = YES_ERROR;
				GCC_WARN_UNDECLARED_SELECTOR = YES;
				GCC_WARN_UNINITIALIZED_AUTOS = YES_AGGRESSIVE;
				GCC_WARN_UNUSED_FUNCTION = YES;
				GCC_WARN_UNUSED_VARIABLE = YES;
				IPHONEOS_DEPLOYMENT_TARGET = 9.3;
				MTL_ENABLE_DEBUG_INFO = NO;
				SDKROOT = iphoneos;
				TARGETED_DEVICE_FAMILY = "1,2";
				VALIDATE_PRODUCT = YES;
			};
			name = Release;
		};
		995BB7351D464CF70091A39F /* Debug */ = {
			isa = XCBuildConfiguration;
			buildSettings = {
				ASSETCATALOG_COMPILER_APPICON_NAME = AppIcon;
				INFOPLIST_FILE = CustomAlertController/Info.plist;
				LD_RUNPATH_SEARCH_PATHS = "$(inherited) @executable_path/Frameworks";
				PRODUCT_BUNDLE_IDENTIFIER = com.yusufkildan.CustomAlertController;
				PRODUCT_NAME = "$(TARGET_NAME)";
			};
			name = Debug;
		};
		995BB7361D464CF70091A39F /* Release */ = {
			isa = XCBuildConfiguration;
			buildSettings = {
				ASSETCATALOG_COMPILER_APPICON_NAME = AppIcon;
				INFOPLIST_FILE = CustomAlertController/Info.plist;
				LD_RUNPATH_SEARCH_PATHS = "$(inherited) @executable_path/Frameworks";
				PRODUCT_BUNDLE_IDENTIFIER = com.yusufkildan.CustomAlertController;
				PRODUCT_NAME = "$(TARGET_NAME)";
			};
			name = Release;
		};
/* End XCBuildConfiguration section */

/* Begin XCConfigurationList section */
		995BB71D1D464CF70091A39F /* Build configuration list for PBXProject "CustomAlertController" */ = {
			isa = XCConfigurationList;
			buildConfigurations = (
				995BB7321D464CF70091A39F /* Debug */,
				995BB7331D464CF70091A39F /* Release */,
			);
			defaultConfigurationIsVisible = 0;
			defaultConfigurationName = Release;
		};
		995BB7341D464CF70091A39F /* Build configuration list for PBXNativeTarget "CustomAlertController" */ = {
			isa = XCConfigurationList;
			buildConfigurations = (
				995BB7351D464CF70091A39F /* Debug */,
				995BB7361D464CF70091A39F /* Release */,
			);
			defaultConfigurationIsVisible = 0;
		};
/* End XCConfigurationList section */
	};
	rootObject = 995BB71A1D464CF70091A39F /* Project object */;
}
